
Microsoft Visual Studio Solution File, Format Version 12.00
# Visual Studio Version 16
VisualStudioVersion = 16.0.30804.86
MinimumVisualStudioVersion = 10.0.40219.1
Project("{FAE04EC0-301F-11D3-BF4B-00C04F79EFBC}") = "MovieMvc", "MovieMvc.csproj", "{5614837F-69EB-4E80-A75C-A5DF428347CF}"
EndProject
Global
	GlobalSection(SolutionConfigurationPlatforms) = preSolution
		Debug|Any CPU = Debug|Any CPU
		Release|Any CPU = Release|Any CPU
	EndGlobalSection
	GlobalSection(ProjectConfigurationPlatforms) = postSolution
		{5614837F-69EB-4E80-A75C-A5DF428347CF}.Debug|Any CPU.ActiveCfg = Debug|Any CPU
		{5614837F-69EB-4E80-A75C-A5DF428347CF}.Debug|Any CPU.Build.0 = Debug|Any CPU
		{5614837F-69EB-4E80-A75C-A5DF428347CF}.Release|Any CPU.ActiveCfg = Release|Any CPU
		{5614837F-69EB-4E80-A75C-A5DF428347CF}.Release|Any CPU.Build.0 = Release|Any CPU
	EndGlobalSection
	GlobalSection(SolutionProperties) = preSolution
		HideSolutionNode = FALSE
	EndGlobalSection
	GlobalSection(ExtensibilityGlobals) = postSolution
		SolutionGuid = {8EF04B8E-EE13-4AE2-AFB2-ACC31DF4F00B}
	EndGlobalSection
EndGlobal
